
Microsoft Visual Studio Solution File, Format Version 12.00
# Visual Studio Version 17
VisualStudioVersion = 17.8.34316.72
MinimumVisualStudioVersion = 10.0.40219.1
Project("{FAE04EC0-301F-11D3-BF4B-00C04F79EFBC}") = "AppChatty", "src\AppChatty\AppChatty.csproj", "{1DC65757-87B7-4B58-BFCA-2EF7373FC0E0}"
EndProject
Project("{FAE04EC0-301F-11D3-BF4B-00C04F79EFBC}") = "AppChatty.Core", "src\AppChatty.Core\AppChatty.Core.csproj", "{6CD69334-E5D0-44C0-8D5D-27E069256B09}"
EndProject
Project("{FAE04EC0-301F-11D3-BF4B-00C04F79EFBC}") = "AppChatty.Tests", "src\AppChatty.Tests\AppChatty.Tests.csproj", "{68051CE2-87C9-4D5A-866F-9350683DBB5B}"
EndProject
Global
	GlobalSection(SolutionConfigurationPlatforms) = preSolution
		Debug|Any CPU = Debug|Any CPU
		Release|Any CPU = Release|Any CPU
	EndGlobalSection
	GlobalSection(ProjectConfigurationPlatforms) = postSolution
		{1DC65757-87B7-4B58-BFCA-2EF7373FC0E0}.Debug|Any CPU.ActiveCfg = Debug|Any CPU
		{1DC65757-87B7-4B58-BFCA-2EF7373FC0E0}.Debug|Any CPU.Build.0 = Debug|Any CPU
		{1DC65757-87B7-4B58-BFCA-2EF7373FC0E0}.Release|Any CPU.ActiveCfg = Release|Any CPU
		{1DC65757-87B7-4B58-BFCA-2EF7373FC0E0}.Release|Any CPU.Build.0 = Release|Any CPU
		{6CD69334-E5D0-44C0-8D5D-27E069256B09}.Debug|Any CPU.ActiveCfg = Debug|Any CPU
		{6CD69334-E5D0-44C0-8D5D-27E069256B09}.Debug|Any CPU.Build.0 = Debug|Any CPU
		{6CD69334-E5D0-44C0-8D5D-27E069256B09}.Release|Any CPU.ActiveCfg = Release|Any CPU
		{6CD69334-E5D0-44C0-8D5D-27E069256B09}.Release|Any CPU.Build.0 = Release|Any CPU
		{68051CE2-87C9-4D5A-866F-9350683DBB5B}.Debug|Any CPU.ActiveCfg = Debug|Any CPU
		{68051CE2-87C9-4D5A-866F-9350683DBB5B}.Debug|Any CPU.Build.0 = Debug|Any CPU
		{68051CE2-87C9-4D5A-866F-9350683DBB5B}.Release|Any CPU.ActiveCfg = Release|Any CPU
		{68051CE2-87C9-4D5A-866F-9350683DBB5B}.Release|Any CPU.Build.0 = Release|Any CPU
	EndGlobalSection
	GlobalSection(SolutionProperties) = preSolution
		HideSolutionNode = FALSE
	EndGlobalSection
EndGlobal
